{
  "requires": true,
  "lockfileVersion": 1,
  "dependencies": {
    "@growthbunker/vuedarkmode": {
      "version": "0.5.56",
      "resolved": "https://registry.npmjs.org/@growthbunker/vuedarkmode/-/vuedarkmode-0.5.56.tgz",
      "integrity": "sha512-V050cy/BKa8iYBJIHeigjHKcSw1Mn2v6UdSNA+cMrJArsvOp7HcCGqZ94ri0kcI/5zOacU2PbeGQhd1mvmzuhQ==",
      "requires": {
        "v-click-outside": "2.1.4",
        "v-hotkey": "0.8.0"
      }
    },
    "core-js": {
      "version": "2.6.12",
      "resolved": "https://registry.npmjs.org/core-js/-/core-js-2.6.12.tgz",
      "integrity": "sha512-Kb2wC0fvsWfQrgk8HU5lW6U/Lcs8+9aaYcy4ZFc6DDlo4nZ7n70dEgE5rtR0oG6ufKDUnrwfWL1mXR5ljDatrQ=="
    },
    "v-click-outside": {
      "version": "2.1.4",
      "resolved": "https://registry.npmjs.org/v-click-outside/-/v-click-outside-2.1.4.tgz",
      "integrity": "sha512-NbQiwRjJjeKptI1qr1co2Ox44fUWEnj08chR1nw3DVrNCQHjb+sqlevzb1zCXMgb7orTFE0wpiecqMlbOZ15EQ=="
    },
    "v-hotkey": {
      "version": "0.8.0",
      "resolved": "https://registry.npmjs.org/v-hotkey/-/v-hotkey-0.8.0.tgz",
      "integrity": "sha512-TWxiUbd5DPF/ClnGsa0VHw1jXX6xA8G8jNy/qFeULVz28cq8ZFz+SGNcniXj7WHazoqRUSzL20y/VDiZ+yzprw==",
      "requires": {
        "core-js": "^2.6.5"
      }
    }
  }
}
